// !$*UTF8*$!
{
	archiveVersion = 1;
	classes = {
	};
	objectVersion = 54;
	objects = {

/* Begin PBXBuildFile section */
		123510C54808429C8664FA99 /* Mulish-LightItalic.ttf in Resources */ = {isa = PBXBuildFile; fileRef = 28AA9EBE268343A686820B3F /* Mulish-LightItalic.ttf */; };
		13B07FBC1A68108700A75B9A /* AppDelegate.mm in Sources */ = {isa = PBXBuildFile; fileRef = 13B07FB01A68108700A75B9A /* AppDelegate.mm */; };
		13B07FBF1A68108700A75B9A /* Images.xcassets in Resources */ = {isa = PBXBuildFile; fileRef = 13B07FB51A68108700A75B9A /* Images.xcassets */; };
		13B07FC11A68108700A75B9A /* main.m in Sources */ = {isa = PBXBuildFile; fileRef = 13B07FB71A68108700A75B9A /* main.m */; };
		2788B7AEC71D48FEA6145A6F /* Mulish-SemiBold.ttf in Resources */ = {isa = PBXBuildFile; fileRef = 68F98419F5F746D7AB223212 /* Mulish-SemiBold.ttf */; };
		4CE2DE70D6174C5880FF12D3 /* Mulish-ExtraLight.ttf in Resources */ = {isa = PBXBuildFile; fileRef = 8185F7BE51804FA797217B18 /* Mulish-ExtraLight.ttf */; };
		5562A502F7BC4988B26D16EB /* Mulish-ExtraBoldItalic.ttf in Resources */ = {isa = PBXBuildFile; fileRef = 74275CE0E47D475A981E6075 /* Mulish-ExtraBoldItalic.ttf */; };
		558484AB77D649BF81B29C2A /* Mulish-SemiBoldItalic.ttf in Resources */ = {isa = PBXBuildFile; fileRef = F979EDF1C2DE4ABB8AC9EDEA /* Mulish-SemiBoldItalic.ttf */; };
		55929ED9EC2D4F87BDF06444 /* Mulish-ExtraBold.ttf in Resources */ = {isa = PBXBuildFile; fileRef = 8918FEE32EF84839B422F737 /* Mulish-ExtraBold.ttf */; };
		6582831D11AC45868BC8714B /* Mulish-Regular.ttf in Resources */ = {isa = PBXBuildFile; fileRef = 2F0BA431956F45C68470639E /* Mulish-Regular.ttf */; };
		6784B324997347A2A60827AB /* Mulish-BoldItalic.ttf in Resources */ = {isa = PBXBuildFile; fileRef = 9D857BF53B5542A5ADC9650B /* Mulish-BoldItalic.ttf */; };
		6BB0CC369D08D5CF8E8584F6 /* libPods-Goldenrichacademy.a in Frameworks */ = {isa = PBXBuildFile; fileRef = F22E96FF4FB46642FCE205CC /* libPods-Goldenrichacademy.a */; };
		81AB9BB82411601600AC10FF /* LaunchScreen.storyboard in Resources */ = {isa = PBXBuildFile; fileRef = 81AB9BB72411601600AC10FF /* LaunchScreen.storyboard */; };
		8958FB8363B84F258065DD26 /* Mulish-ExtraLightItalic.ttf in Resources */ = {isa = PBXBuildFile; fileRef = FAB2BB642C864D079079304F /* Mulish-ExtraLightItalic.ttf */; };
		A5BE1D111DEC46EB9E4DF8D8 /* Mulish-Black.ttf in Resources */ = {isa = PBXBuildFile; fileRef = AF186F6A3F5F4367A68305F4 /* Mulish-Black.ttf */; };
		AD326B6953CC4A29BC69457F /* Mulish-Bold.ttf in Resources */ = {isa = PBXBuildFile; fileRef = 13C36E5F507945EC8689E9B6 /* Mulish-Bold.ttf */; };
		C74E714DCFEC48F5B91DA573 /* Mulish-MediumItalic.ttf in Resources */ = {isa = PBXBuildFile; fileRef = CE0356B0869448DB99F7DFB4 /* Mulish-MediumItalic.ttf */; };
		DED988BF03304FC983C7DF5E /* Mulish-Medium.ttf in Resources */ = {isa = PBXBuildFile; fileRef = 183624B17B3E4EFFA1DF2C14 /* Mulish-Medium.ttf */; };
		DF8412BC06704BC4AF5B42FC /* Mulish-Italic.ttf in Resources */ = {isa = PBXBuildFile; fileRef = 9878E2395DC44231944D67C8 /* Mulish-Italic.ttf */; };
		E8B15056D9964107B4F2923E /* Mulish-BlackItalic.ttf in Resources */ = {isa = PBXBuildFile; fileRef = 39893596DD5047F086305618 /* Mulish-BlackItalic.ttf */; };
		EF3C3208AB6A4FC1AC7E6C24 /* Mulish-Light.ttf in Resources */ = {isa = PBXBuildFile; fileRef = 4ABB4B97B1DC4338B0C31E3A /* Mulish-Light.ttf */; };
/* End PBXBuildFile section */

/* Begin PBXBuildRule section */
		F9E512482C537C3000CCEDD3 /* PBXBuildRule */ = {
			isa = PBXBuildRule;
			compilerSpec = com.apple.compilers.proxy.script;
			fileType = pattern.proxy;
			inputFiles = (
			);
			isEditable = 1;
			outputFiles = (
			);
			script = "# Type a script or drag a script file from your workspace to insert its path.\n";
		};
/* End PBXBuildRule section */

/* Begin PBXFileReference section */
		00E356F11AD99517003FC87E /* Info.plist */ = {isa = PBXFileReference; lastKnownFileType = text.plist.xml; path = Info.plist; sourceTree = "<group>"; };
		00E356F21AD99517003FC87E /* GoldenrichacademyTests.m */ = {isa = PBXFileReference; lastKnownFileType = sourcecode.c.objc; path = GoldenrichacademyTests.m; sourceTree = "<group>"; };
		13B07F961A680F5B00A75B9A /* Goldenrichacademy.app */ = {isa = PBXFileReference; explicitFileType = wrapper.application; includeInIndex = 0; path = Goldenrichacademy.app; sourceTree = BUILT_PRODUCTS_DIR; };
		13B07FAF1A68108700A75B9A /* AppDelegate.h */ = {isa = PBXFileReference; fileEncoding = 4; lastKnownFileType = sourcecode.c.h; name = AppDelegate.h; path = Goldenrichacademy/AppDelegate.h; sourceTree = "<group>"; };
		13B07FB01A68108700A75B9A /* AppDelegate.mm */ = {isa = PBXFileReference; fileEncoding = 4; lastKnownFileType = sourcecode.cpp.objcpp; name = AppDelegate.mm; path = Goldenrichacademy/AppDelegate.mm; sourceTree = "<group>"; };
		13B07FB51A68108700A75B9A /* Images.xcassets */ = {isa = PBXFileReference; lastKnownFileType = folder.assetcatalog; name = Images.xcassets; path = Goldenrichacademy/Images.xcassets; sourceTree = "<group>"; };
		13B07FB61A68108700A75B9A /* Info.plist */ = {isa = PBXFileReference; fileEncoding = 4; lastKnownFileType = text.plist.xml; name = Info.plist; path = Goldenrichacademy/Info.plist; sourceTree = "<group>"; };
		13B07FB71A68108700A75B9A /* main.m */ = {isa = PBXFileReference; fileEncoding = 4; lastKnownFileType = sourcecode.c.objc; name = main.m; path = Goldenrichacademy/main.m; sourceTree = "<group>"; };
		13C36E5F507945EC8689E9B6 /* Mulish-Bold.ttf */ = {isa = PBXFileReference; explicitFileType = undefined; fileEncoding = 9; includeInIndex = 0; lastKnownFileType = unknown; name = "Mulish-Bold.ttf"; path = "../assets/fonts/Mulish-Bold.ttf"; sourceTree = "<group>"; };
		183624B17B3E4EFFA1DF2C14 /* Mulish-Medium.ttf */ = {isa = PBXFileReference; explicitFileType = undefined; fileEncoding = 9; includeInIndex = 0; lastKnownFileType = unknown; name = "Mulish-Medium.ttf"; path = "../assets/fonts/Mulish-Medium.ttf"; sourceTree = "<group>"; };
		28AA9EBE268343A686820B3F /* Mulish-LightItalic.ttf */ = {isa = PBXFileReference; explicitFileType = undefined; fileEncoding = 9; includeInIndex = 0; lastKnownFileType = unknown; name = "Mulish-LightItalic.ttf"; path = "../assets/fonts/Mulish-LightItalic.ttf"; sourceTree = "<group>"; };
		2F0BA431956F45C68470639E /* Mulish-Regular.ttf */ = {isa = PBXFileReference; explicitFileType = undefined; fileEncoding = 9; includeInIndex = 0; lastKnownFileType = unknown; name = "Mulish-Regular.ttf"; path = "../assets/fonts/Mulish-Regular.ttf"; sourceTree = "<group>"; };
		39893596DD5047F086305618 /* Mulish-BlackItalic.ttf */ = {isa = PBXFileReference; explicitFileType = undefined; fileEncoding = 9; includeInIndex = 0; lastKnownFileType = unknown; name = "Mulish-BlackItalic.ttf"; path = "../assets/fonts/Mulish-BlackItalic.ttf"; sourceTree = "<group>"; };
		4ABB4B97B1DC4338B0C31E3A /* Mulish-Light.ttf */ = {isa = PBXFileReference; explicitFileType = undefined; fileEncoding = 9; includeInIndex = 0; lastKnownFileType = unknown; name = "Mulish-Light.ttf"; path = "../assets/fonts/Mulish-Light.ttf"; sourceTree = "<group>"; };
		68F98419F5F746D7AB223212 /* Mulish-SemiBold.ttf */ = {isa = PBXFileReference; explicitFileType = undefined; fileEncoding = 9; includeInIndex = 0; lastKnownFileType = unknown; name = "Mulish-SemiBold.ttf"; path = "../assets/fonts/Mulish-SemiBold.ttf"; sourceTree = "<group>"; };
		74275CE0E47D475A981E6075 /* Mulish-ExtraBoldItalic.ttf */ = {isa = PBXFileReference; explicitFileType = undefined; fileEncoding = 9; includeInIndex = 0; lastKnownFileType = unknown; name = "Mulish-ExtraBoldItalic.ttf"; path = "../assets/fonts/Mulish-ExtraBoldItalic.ttf"; sourceTree = "<group>"; };
		8185F7BE51804FA797217B18 /* Mulish-ExtraLight.ttf */ = {isa = PBXFileReference; explicitFileType = undefined; fileEncoding = 9; includeInIndex = 0; lastKnownFileType = unknown; name = "Mulish-ExtraLight.ttf"; path = "../assets/fonts/Mulish-ExtraLight.ttf"; sourceTree = "<group>"; };
		81AB9BB72411601600AC10FF /* LaunchScreen.storyboard */ = {isa = PBXFileReference; fileEncoding = 4; lastKnownFileType = file.storyboard; name = LaunchScreen.storyboard; path = Goldenrichacademy/LaunchScreen.storyboard; sourceTree = "<group>"; };
		8918FEE32EF84839B422F737 /* Mulish-ExtraBold.ttf */ = {isa = PBXFileReference; explicitFileType = undefined; fileEncoding = 9; includeInIndex = 0; lastKnownFileType = unknown; name = "Mulish-ExtraBold.ttf"; path = "../assets/fonts/Mulish-ExtraBold.ttf"; sourceTree = "<group>"; };
		9878E2395DC44231944D67C8 /* Mulish-Italic.ttf */ = {isa = PBXFileReference; explicitFileType = undefined; fileEncoding = 9; includeInIndex = 0; lastKnownFileType = unknown; name = "Mulish-Italic.ttf"; path = "../assets/fonts/Mulish-Italic.ttf"; sourceTree = "<group>"; };
		9D857BF53B5542A5ADC9650B /* Mulish-BoldItalic.ttf */ = {isa = PBXFileReference; explicitFileType = undefined; fileEncoding = 9; includeInIndex = 0; lastKnownFileType = unknown; name = "Mulish-BoldItalic.ttf"; path = "../assets/fonts/Mulish-BoldItalic.ttf"; sourceTree = "<group>"; };
		ABEB2FB7F21C476EA786F732 /* Pods-Goldenrichacademy.release.xcconfig */ = {isa = PBXFileReference; includeInIndex = 1; lastKnownFileType = text.xcconfig; name = "Pods-Goldenrichacademy.release.xcconfig"; path = "Target Support Files/Pods-Goldenrichacademy/Pods-Goldenrichacademy.release.xcconfig"; sourceTree = "<group>"; };
		AF186F6A3F5F4367A68305F4 /* Mulish-Black.ttf */ = {isa = PBXFileReference; explicitFileType = undefined; fileEncoding = 9; includeInIndex = 0; lastKnownFileType = unknown; name = "Mulish-Black.ttf"; path = "../assets/fonts/Mulish-Black.ttf"; sourceTree = "<group>"; };
		C09B83F7C719B393AF004474 /* Pods-Goldenrichacademy.debug.xcconfig */ = {isa = PBXFileReference; includeInIndex = 1; lastKnownFileType = text.xcconfig; name = "Pods-Goldenrichacademy.debug.xcconfig"; path = "Target Support Files/Pods-Goldenrichacademy/Pods-Goldenrichacademy.debug.xcconfig"; sourceTree = "<group>"; };
		CD42C8902BDBCB100036610F /* PrivacyInfo.xcprivacy */ = {isa = PBXFileReference; lastKnownFileType = text.xml; name = PrivacyInfo.xcprivacy; path = Goldenrichacademy/PrivacyInfo.xcprivacy; sourceTree = "<group>"; };
		CE0356B0869448DB99F7DFB4 /* Mulish-MediumItalic.ttf */ = {isa = PBXFileReference; explicitFileType = undefined; fileEncoding = 9; includeInIndex = 0; lastKnownFileType = unknown; name = "Mulish-MediumItalic.ttf"; path = "../assets/fonts/Mulish-MediumItalic.ttf"; sourceTree = "<group>"; };
		ED297162215061F000B7C4FE /* JavaScriptCore.framework */ = {isa = PBXFileReference; lastKnownFileType = wrapper.framework; name = JavaScriptCore.framework; path = System/Library/Frameworks/JavaScriptCore.framework; sourceTree = SDKROOT; };
		F22E96FF4FB46642FCE205CC /* libPods-Goldenrichacademy.a */ = {isa = PBXFileReference; explicitFileType = archive.ar; includeInIndex = 0; path = "libPods-Goldenrichacademy.a"; sourceTree = BUILT_PRODUCTS_DIR; };
		F979EDF1C2DE4ABB8AC9EDEA /* Mulish-SemiBoldItalic.ttf */ = {isa = PBXFileReference; explicitFileType = undefined; fileEncoding = 9; includeInIndex = 0; lastKnownFileType = unknown; name = "Mulish-SemiBoldItalic.ttf"; path = "../assets/fonts/Mulish-SemiBoldItalic.ttf"; sourceTree = "<group>"; };
		FAB2BB642C864D079079304F /* Mulish-ExtraLightItalic.ttf */ = {isa = PBXFileReference; explicitFileType = undefined; fileEncoding = 9; includeInIndex = 0; lastKnownFileType = unknown; name = "Mulish-ExtraLightItalic.ttf"; path = "../assets/fonts/Mulish-ExtraLightItalic.ttf"; sourceTree = "<group>"; };
/* End PBXFileReference section */

/* Begin PBXFrameworksBuildPhase section */
		13B07F8C1A680F5B00A75B9A /* Frameworks */ = {
			isa = PBXFrameworksBuildPhase;
			buildActionMask = 2147483647;
			files = (
				6BB0CC369D08D5CF8E8584F6 /* libPods-Goldenrichacademy.a in Frameworks */,
			);
			runOnlyForDeploymentPostprocessing = 0;
		};
/* End PBXFrameworksBuildPhase section */

/* Begin PBXGroup section */
		00E356EF1AD99517003FC87E /* GoldenrichacademyTests */ = {
			isa = PBXGroup;
			children = (
				00E356F21AD99517003FC87E /* GoldenrichacademyTests.m */,
				00E356F01AD99517003FC87E /* Supporting Files */,
			);
			path = GoldenrichacademyTests;
			sourceTree = "<group>";
		};
		00E356F01AD99517003FC87E /* Supporting Files */ = {
			isa = PBXGroup;
			children = (
				00E356F11AD99517003FC87E /* Info.plist */,
			);
			name = "Supporting Files";
			sourceTree = "<group>";
		};
		13B07FAE1A68108700A75B9A /* Goldenrichacademy */ = {
			isa = PBXGroup;
			children = (
				CD42C8902BDBCB100036610F /* PrivacyInfo.xcprivacy */,
				13B07FAF1A68108700A75B9A /* AppDelegate.h */,
				13B07FB01A68108700A75B9A /* AppDelegate.mm */,
				13B07FB51A68108700A75B9A /* Images.xcassets */,
				13B07FB61A68108700A75B9A /* Info.plist */,
				81AB9BB72411601600AC10FF /* LaunchScreen.storyboard */,
				13B07FB71A68108700A75B9A /* main.m */,
			);
			name = Goldenrichacademy;
			sourceTree = "<group>";
		};
		2D16E6871FA4F8E400B85C8A /* Frameworks */ = {
			isa = PBXGroup;
			children = (
				ED297162215061F000B7C4FE /* JavaScriptCore.framework */,
				F22E96FF4FB46642FCE205CC /* libPods-Goldenrichacademy.a */,
			);
			name = Frameworks;
			sourceTree = "<group>";
		};
		832341AE1AAA6A7D00B99B32 /* Libraries */ = {
			isa = PBXGroup;
			children = (
			);
			name = Libraries;
			sourceTree = "<group>";
		};
		83CBB9F61A601CBA00E9B192 = {
			isa = PBXGroup;
			children = (
				13B07FAE1A68108700A75B9A /* Goldenrichacademy */,
				832341AE1AAA6A7D00B99B32 /* Libraries */,
				00E356EF1AD99517003FC87E /* GoldenrichacademyTests */,
				83CBBA001A601CBA00E9B192 /* Products */,
				2D16E6871FA4F8E400B85C8A /* Frameworks */,
				BBD78D7AC51CEA395F1C20DB /* Pods */,
				9F92A10731004116A2165132 /* Resources */,
			);
			indentWidth = 2;
			sourceTree = "<group>";
			tabWidth = 2;
			usesTabs = 0;
		};
		83CBBA001A601CBA00E9B192 /* Products */ = {
			isa = PBXGroup;
			children = (
				13B07F961A680F5B00A75B9A /* Goldenrichacademy.app */,
			);
			name = Products;
			sourceTree = "<group>";
		};
		9F92A10731004116A2165132 /* Resources */ = {
			isa = PBXGroup;
			children = (
				AF186F6A3F5F4367A68305F4 /* Mulish-Black.ttf */,
				39893596DD5047F086305618 /* Mulish-BlackItalic.ttf */,
				13C36E5F507945EC8689E9B6 /* Mulish-Bold.ttf */,
				9D857BF53B5542A5ADC9650B /* Mulish-BoldItalic.ttf */,
				8918FEE32EF84839B422F737 /* Mulish-ExtraBold.ttf */,
				74275CE0E47D475A981E6075 /* Mulish-ExtraBoldItalic.ttf */,
				8185F7BE51804FA797217B18 /* Mulish-ExtraLight.ttf */,
				FAB2BB642C864D079079304F /* Mulish-ExtraLightItalic.ttf */,
				9878E2395DC44231944D67C8 /* Mulish-Italic.ttf */,
				4ABB4B97B1DC4338B0C31E3A /* Mulish-Light.ttf */,
				28AA9EBE268343A686820B3F /* Mulish-LightItalic.ttf */,
				183624B17B3E4EFFA1DF2C14 /* Mulish-Medium.ttf */,
				CE0356B0869448DB99F7DFB4 /* Mulish-MediumItalic.ttf */,
				2F0BA431956F45C68470639E /* Mulish-Regular.ttf */,
				68F98419F5F746D7AB223212 /* Mulish-SemiBold.ttf */,
				F979EDF1C2DE4ABB8AC9EDEA /* Mulish-SemiBoldItalic.ttf */,
			);
			name = Resources;
			sourceTree = "<group>";
		};
		BBD78D7AC51CEA395F1C20DB /* Pods */ = {
			isa = PBXGroup;
			children = (
				C09B83F7C719B393AF004474 /* Pods-Goldenrichacademy.debug.xcconfig */,
				ABEB2FB7F21C476EA786F732 /* Pods-Goldenrichacademy.release.xcconfig */,
			);
			path = Pods;
			sourceTree = "<group>";
		};
/* End PBXGroup section */

/* Begin PBXNativeTarget section */
		13B07F861A680F5B00A75B9A /* Goldenrichacademy */ = {
			isa = PBXNativeTarget;
			buildConfigurationList = 13B07F931A680F5B00A75B9A /* Build configuration list for PBXNativeTarget "Goldenrichacademy" */;
			buildPhases = (
				AE200B969B7607B1467A4D5B /* [CP] Check Pods Manifest.lock */,
				FD10A7F022414F080027D42C /* Start Packager */,
				13B07F871A680F5B00A75B9A /* Sources */,
				13B07F8C1A680F5B00A75B9A /* Frameworks */,
				13B07F8E1A680F5B00A75B9A /* Resources */,
				00DD1BFF1BD5951E006B06BC /* Bundle React Native code and images */,
				9C294F260BD45144CD101AA0 /* [CP] Embed Pods Frameworks */,
				0BEBB14F96A3B1DAB8337406 /* [CP] Copy Pods Resources */,
			);
			buildRules = (
				F9E512482C537C3000CCEDD3 /* PBXBuildRule */,
			);
			dependencies = (
			);
			name = Goldenrichacademy;
			productName = Goldenrichacademy;
			productReference = 13B07F961A680F5B00A75B9A /* Goldenrichacademy.app */;
			productType = "com.apple.product-type.application";
		};
/* End PBXNativeTarget section */

/* Begin PBXProject section */
		83CBB9F71A601CBA00E9B192 /* Project object */ = {
			isa = PBXProject;
			attributes = {
				BuildIndependentTargetsInParallel = YES;
				LastUpgradeCheck = 1540;
				TargetAttributes = {
					13B07F861A680F5B00A75B9A = {
						LastSwiftMigration = 1120;
					};
				};
			};
			buildConfigurationList = 83CBB9FA1A601CBA00E9B192 /* Build configuration list for PBXProject "Goldenrichacademy" */;
			compatibilityVersion = "Xcode 12.0";
			developmentRegion = en;
			hasScannedForEncodings = 0;
			knownRegions = (
				en,
				Base,
			);
			mainGroup = 83CBB9F61A601CBA00E9B192;
			productRefGroup = 83CBBA001A601CBA00E9B192 /* Products */;
			projectDirPath = "";
			projectRoot = "";
			targets = (
				13B07F861A680F5B00A75B9A /* Goldenrichacademy */,
			);
		};
/* End PBXProject section */

/* Begin PBXResourcesBuildPhase section */
		13B07F8E1A680F5B00A75B9A /* Resources */ = {
			isa = PBXResourcesBuildPhase;
			buildActionMask = 2147483647;
			files = (
				81AB9BB82411601600AC10FF /* LaunchScreen.storyboard in Resources */,
				13B07FBF1A68108700A75B9A /* Images.xcassets in Resources */,
				A5BE1D111DEC46EB9E4DF8D8 /* Mulish-Black.ttf in Resources */,
				E8B15056D9964107B4F2923E /* Mulish-BlackItalic.ttf in Resources */,
				AD326B6953CC4A29BC69457F /* Mulish-Bold.ttf in Resources */,
				6784B324997347A2A60827AB /* Mulish-BoldItalic.ttf in Resources */,
				55929ED9EC2D4F87BDF06444 /* Mulish-ExtraBold.ttf in Resources */,
				5562A502F7BC4988B26D16EB /* Mulish-ExtraBoldItalic.ttf in Resources */,
				4CE2DE70D6174C5880FF12D3 /* Mulish-ExtraLight.ttf in Resources */,
				8958FB8363B84F258065DD26 /* Mulish-ExtraLightItalic.ttf in Resources */,
				DF8412BC06704BC4AF5B42FC /* Mulish-Italic.ttf in Resources */,
				EF3C3208AB6A4FC1AC7E6C24 /* Mulish-Light.ttf in Resources */,
				123510C54808429C8664FA99 /* Mulish-LightItalic.ttf in Resources */,
				DED988BF03304FC983C7DF5E /* Mulish-Medium.ttf in Resources */,
				C74E714DCFEC48F5B91DA573 /* Mulish-MediumItalic.ttf in Resources */,
				6582831D11AC45868BC8714B /* Mulish-Regular.ttf in Resources */,
				2788B7AEC71D48FEA6145A6F /* Mulish-SemiBold.ttf in Resources */,
				558484AB77D649BF81B29C2A /* Mulish-SemiBoldItalic.ttf in Resources */,
			);
			runOnlyForDeploymentPostprocessing = 0;
		};
/* End PBXResourcesBuildPhase section */

/* Begin PBXShellScriptBuildPhase section */
		00DD1BFF1BD5951E006B06BC /* Bundle React Native code and images */ = {
			isa = PBXShellScriptBuildPhase;
			buildActionMask = 2147483647;
			files = (
			);
			inputPaths = (
				"$(SRCROOT)/.xcode.env.local",
				"$(SRCROOT)/.xcode.env",
			);
			name = "Bundle React Native code and images";
			outputPaths = (
			);
			runOnlyForDeploymentPostprocessing = 0;
			shellPath = /bin/sh;
			shellScript = "set -e\n\nWITH_ENVIRONMENT=\"../node_modules/react-native/scripts/xcode/with-environment.sh\"\nREACT_NATIVE_XCODE=\"../node_modules/react-native/scripts/react-native-xcode.sh\"\n\n/bin/sh -c \"$WITH_ENVIRONMENT $REACT_NATIVE_XCODE\"\n";
		};
		0BEBB14F96A3B1DAB8337406 /* [CP] Copy Pods Resources */ = {
			isa = PBXShellScriptBuildPhase;
			buildActionMask = 2147483647;
			files = (
			);
			inputFileListPaths = (
				"${PODS_ROOT}/Target Support Files/Pods-Goldenrichacademy/Pods-Goldenrichacademy-resources-${CONFIGURATION}-input-files.xcfilelist",
			);
			name = "[CP] Copy Pods Resources";
			outputFileListPaths = (
				"${PODS_ROOT}/Target Support Files/Pods-Goldenrichacademy/Pods-Goldenrichacademy-resources-${CONFIGURATION}-output-files.xcfilelist",
			);
			runOnlyForDeploymentPostprocessing = 0;
			shellPath = /bin/sh;
			shellScript = "\"${PODS_ROOT}/Target Support Files/Pods-Goldenrichacademy/Pods-Goldenrichacademy-resources.sh\"\n";
			showEnvVarsInLog = 0;
		};
		9C294F260BD45144CD101AA0 /* [CP] Embed Pods Frameworks */ = {
			isa = PBXShellScriptBuildPhase;
			buildActionMask = 2147483647;
			files = (
			);
			inputFileListPaths = (
				"${PODS_ROOT}/Target Support Files/Pods-Goldenrichacademy/Pods-Goldenrichacademy-frameworks-${CONFIGURATION}-input-files.xcfilelist",
			);
			name = "[CP] Embed Pods Frameworks";
			outputFileListPaths = (
				"${PODS_ROOT}/Target Support Files/Pods-Goldenrichacademy/Pods-Goldenrichacademy-frameworks-${CONFIGURATION}-output-files.xcfilelist",
			);
			runOnlyForDeploymentPostprocessing = 0;
			shellPath = /bin/sh;
			shellScript = "\"${PODS_ROOT}/Target Support Files/Pods-Goldenrichacademy/Pods-Goldenrichacademy-frameworks.sh\"\n";
			showEnvVarsInLog = 0;
		};
		AE200B969B7607B1467A4D5B /* [CP] Check Pods Manifest.lock */ = {
			isa = PBXShellScriptBuildPhase;
			buildActionMask = 2147483647;
			files = (
			);
			inputFileListPaths = (
			);
			inputPaths = (
				"${PODS_PODFILE_DIR_PATH}/Podfile.lock",
				"${PODS_ROOT}/Manifest.lock",
			);
			name = "[CP] Check Pods Manifest.lock";
			outputFileListPaths = (
			);
			outputPaths = (
				"$(DERIVED_FILE_DIR)/Pods-Goldenrichacademy-checkManifestLockResult.txt",
			);
			runOnlyForDeploymentPostprocessing = 0;
			shellPath = /bin/sh;
			shellScript = "diff \"${PODS_PODFILE_DIR_PATH}/Podfile.lock\" \"${PODS_ROOT}/Manifest.lock\" > /dev/null\nif [ $? != 0 ] ; then\n    # print error to STDERR\n    echo \"error: The sandbox is not in sync with the Podfile.lock. Run 'pod install' or update your CocoaPods installation.\" >&2\n    exit 1\nfi\n# This output is used by Xcode 'outputs' to avoid re-running this script phase.\necho \"SUCCESS\" > \"${SCRIPT_OUTPUT_FILE_0}\"\n";
			showEnvVarsInLog = 0;
		};
		FD10A7F022414F080027D42C /* Start Packager */ = {
			isa = PBXShellScriptBuildPhase;
			buildActionMask = 2147483647;
			files = (
			);
			inputFileListPaths = (
			);
			inputPaths = (
			);
			name = "Start Packager";
			outputFileListPaths = (
			);
			outputPaths = (
			);
			runOnlyForDeploymentPostprocessing = 0;
			shellPath = /bin/sh;
			shellScript = "export RCT_METRO_PORT=\"${RCT_METRO_PORT:=8081}\"\necho \"export RCT_METRO_PORT=${RCT_METRO_PORT}\" > \"${SRCROOT}/../node_modules/react-native/scripts/.packager.env\"\nif [ -z \"${RCT_NO_LAUNCH_PACKAGER+xxx}\" ] ; then\n  if nc -w 5 -z localhost ${RCT_METRO_PORT} ; then\n    if ! curl -s \"http://localhost:${RCT_METRO_PORT}/status\" | grep -q \"packager-status:running\" ; then\n      echo \"Port ${RCT_METRO_PORT} already in use, packager is either not running or not running correctly\"\n      exit 2\n    fi\n  else\n    open \"$SRCROOT/../node_modules/react-native/scripts/launchPackager.command\" || echo \"Can't start packager automatically\"\n  fi\nfi\n";
			showEnvVarsInLog = 0;
		};
/* End PBXShellScriptBuildPhase section */

/* Begin PBXSourcesBuildPhase section */
		13B07F871A680F5B00A75B9A /* Sources */ = {
			isa = PBXSourcesBuildPhase;
			buildActionMask = 2147483647;
			files = (
				13B07FBC1A68108700A75B9A /* AppDelegate.mm in Sources */,
				13B07FC11A68108700A75B9A /* main.m in Sources */,
			);
			runOnlyForDeploymentPostprocessing = 0;
		};
/* End PBXSourcesBuildPhase section */

/* Begin XCBuildConfiguration section */
		13B07F941A680F5B00A75B9A /* Debug */ = {
			isa = XCBuildConfiguration;
			baseConfigurationReference = C09B83F7C719B393AF004474 /* Pods-Goldenrichacademy.debug.xcconfig */;
			buildSettings = {
				ASSETCATALOG_COMPILER_APPICON_NAME = AppIcon;
				CLANG_ENABLE_MODULES = YES;
				CURRENT_PROJECT_VERSION = 1;
				ENABLE_BITCODE = NO;
				ENABLE_USER_SCRIPT_SANDBOXING = NO;
				INFOPLIST_FILE = Goldenrichacademy/Info.plist;
				IPHONEOS_DEPLOYMENT_TARGET = 13.0;
				LD_RUNPATH_SEARCH_PATHS = (
					"$(inherited)",
					"@executable_path/Frameworks",
				);
				MARKETING_VERSION = 1.0;
				OTHER_LDFLAGS = (
					"$(inherited)",
					"-ObjC",
					"-lc++",
				);
				PRODUCT_BUNDLE_IDENTIFIER = "org.reactjs.native.example.$(PRODUCT_NAME:rfc1034identifier)";
				PRODUCT_NAME = Goldenrichacademy;
				SWIFT_OPTIMIZATION_LEVEL = "-Onone";
				SWIFT_VERSION = 5.0;
				VERSIONING_SYSTEM = "apple-generic";
			};
			name = Debug;
		};
		13B07F951A680F5B00A75B9A /* Release */ = {
			isa = XCBuildConfiguration;
			baseConfigurationReference = ABEB2FB7F21C476EA786F732 /* Pods-Goldenrichacademy.release.xcconfig */;
			buildSettings = {
				ASSETCATALOG_COMPILER_APPICON_NAME = AppIcon;
				CLANG_ENABLE_MODULES = YES;
				CURRENT_PROJECT_VERSION = 1;
				ENABLE_USER_SCRIPT_SANDBOXING = NO;
				INFOPLIST_FILE = Goldenrichacademy/Info.plist;
				IPHONEOS_DEPLOYMENT_TARGET = 13.0;
				LD_RUNPATH_SEARCH_PATHS = (
					"$(inherited)",
					"@executable_path/Frameworks",
				);
				MARKETING_VERSION = 1.0;
				OTHER_LDFLAGS = (
					"$(inherited)",
					"-ObjC",
					"-lc++",
				);
				PRODUCT_BUNDLE_IDENTIFIER = "org.reactjs.native.example.$(PRODUCT_NAME:rfc1034identifier)";
				PRODUCT_NAME = Goldenrichacademy;
				SWIFT_VERSION = 5.0;
				VERSIONING_SYSTEM = "apple-generic";
			};
			name = Release;
		};
		83CBBA201A601CBA00E9B192 /* Debug */ = {
			isa = XCBuildConfiguration;
			buildSettings = {
				ALWAYS_SEARCH_USER_PATHS = NO;
				CLANG_ANALYZER_LOCALIZABILITY_NONLOCALIZED = YES;
				CLANG_CXX_LANGUAGE_STANDARD = "c++17";
				CLANG_CXX_LIBRARY = "libc++";
				CLANG_ENABLE_MODULES = YES;
				CLANG_ENABLE_OBJC_ARC = YES;
				CLANG_WARN_BLOCK_CAPTURE_AUTORELEASING = YES;
				CLANG_WARN_BOOL_CONVERSION = YES;
				CLANG_WARN_COMMA = YES;
				CLANG_WARN_CONSTANT_CONVERSION = YES;
				CLANG_WARN_DEPRECATED_OBJC_IMPLEMENTATIONS = YES;
				CLANG_WARN_DIRECT_OBJC_ISA_USAGE = YES_ERROR;
				CLANG_WARN_EMPTY_BODY = YES;
				CLANG_WARN_ENUM_CONVERSION = YES;
				CLANG_WARN_INFINITE_RECURSION = YES;
				CLANG_WARN_INT_CONVERSION = YES;
				CLANG_WARN_NON_LITERAL_NULL_CONVERSION = YES;
				CLANG_WARN_OBJC_IMPLICIT_RETAIN_SELF = YES;
				CLANG_WARN_OBJC_LITERAL_CONVERSION = YES;
				CLANG_WARN_OBJC_ROOT_CLASS = YES_ERROR;
				CLANG_WARN_QUOTED_INCLUDE_IN_FRAMEWORK_HEADER = YES;
				CLANG_WARN_RANGE_LOOP_ANALYSIS = YES;
				CLANG_WARN_STRICT_PROTOTYPES = YES;
				CLANG_WARN_SUSPICIOUS_MOVE = YES;
				CLANG_WARN_UNREACHABLE_CODE = YES;
				CLANG_WARN__DUPLICATE_METHOD_MATCH = YES;
				"CODE_SIGN_IDENTITY[sdk=iphoneos*]" = "iPhone Developer";
				COPY_PHASE_STRIP = NO;
				ENABLE_STRICT_OBJC_MSGSEND = YES;
				ENABLE_TESTABILITY = YES;
				ENABLE_USER_SCRIPT_SANDBOXING = YES;
				"EXCLUDED_ARCHS[sdk=iphonesimulator*]" = i386;
				GCC_C_LANGUAGE_STANDARD = gnu99;
				GCC_DYNAMIC_NO_PIC = NO;
				GCC_NO_COMMON_BLOCKS = YES;
				GCC_OPTIMIZATION_LEVEL = 0;
				GCC_PREPROCESSOR_DEFINITIONS = (
					"DEBUG=1",
					"$(inherited)",
					_LIBCPP_ENABLE_CXX17_REMOVED_UNARY_BINARY_FUNCTION,
				);
				GCC_SYMBOLS_PRIVATE_EXTERN = NO;
				GCC_WARN_64_TO_32_BIT_CONVERSION = YES;
				GCC_WARN_ABOUT_RETURN_TYPE = YES_ERROR;
				GCC_WARN_UNDECLARED_SELECTOR = YES;
				GCC_WARN_UNINITIALIZED_AUTOS = YES_AGGRESSIVE;
				GCC_WARN_UNUSED_FUNCTION = YES;
				GCC_WARN_UNUSED_VARIABLE = YES;
				IPHONEOS_DEPLOYMENT_TARGET = 12.4;
				LD_RUNPATH_SEARCH_PATHS = (
					/usr/lib/swift,
					"$(inherited)",
				);
				LIBRARY_SEARCH_PATHS = (
					"\"$(SDKROOT)/usr/lib/swift\"",
					"\"$(TOOLCHAIN_DIR)/usr/lib/swift/$(PLATFORM_NAME)\"",
					"\"$(inherited)\"",
				);
				MTL_ENABLE_DEBUG_INFO = YES;
				ONLY_ACTIVE_ARCH = YES;
				OTHER_CPLUSPLUSFLAGS = (
					"$(OTHER_CFLAGS)",
					"-DFOLLY_NO_CONFIG",
					"-DFOLLY_MOBILE=1",
					"-DFOLLY_USE_LIBCPP=1",
				);
				OTHER_LDFLAGS = (
					"$(inherited)",
					" ",
				);
				REACT_NATIVE_PATH = "${PODS_ROOT}/../../node_modules/react-native";
				SDKROOT = iphoneos;
			};
			name = Debug;
		};
		83CBBA211A601CBA00E9B192 /* Release */ = {
			isa = XCBuildConfiguration;
			buildSettings = {
				ALWAYS_SEARCH_USER_PATHS = NO;
				CLANG_ANALYZER_LOCALIZABILITY_NONLOCALIZED = YES;
				CLANG_CXX_LANGUAGE_STANDARD = "c++17";
				CLANG_CXX_LIBRARY = "libc++";
				CLANG_ENABLE_MODULES = YES;
				CLANG_ENABLE_OBJC_ARC = YES;
				CLANG_WARN_BLOCK_CAPTURE_AUTORELEASING = YES;
				CLANG_WARN_BOOL_CONVERSION = YES;
				CLANG_WARN_COMMA = YES;
				CLANG_WARN_CONSTANT_CONVERSION = YES;
				CLANG_WARN_DEPRECATED_OBJC_IMPLEMENTATIONS = YES;
				CLANG_WARN_DIRECT_OBJC_ISA_USAGE = YES_ERROR;
				CLANG_WARN_EMPTY_BODY = YES;
				CLANG_WARN_ENUM_CONVERSION = YES;
				CLANG_WARN_INFINITE_RECURSION = YES;
				CLANG_WARN_INT_CONVERSION = YES;
				CLANG_WARN_NON_LITERAL_NULL_CONVERSION = YES;
				CLANG_WARN_OBJC_IMPLICIT_RETAIN_SELF = YES;
				CLANG_WARN_OBJC_LITERAL_CONVERSION = YES;
				CLANG_WARN_OBJC_ROOT_CLASS = YES_ERROR;
				CLANG_WARN_QUOTED_INCLUDE_IN_FRAMEWORK_HEADER = YES;
				CLANG_WARN_RANGE_LOOP_ANALYSIS = YES;
				CLANG_WARN_STRICT_PROTOTYPES = YES;
				CLANG_WARN_SUSPICIOUS_MOVE = YES;
				CLANG_WARN_UNREACHABLE_CODE = YES;
				CLANG_WARN__DUPLICATE_METHOD_MATCH = YES;
				"CODE_SIGN_IDENTITY[sdk=iphoneos*]" = "iPhone Developer";
				COPY_PHASE_STRIP = YES;
				ENABLE_NS_ASSERTIONS = NO;
				ENABLE_STRICT_OBJC_MSGSEND = YES;
				ENABLE_USER_SCRIPT_SANDBOXING = YES;
				"EXCLUDED_ARCHS[sdk=iphonesimulator*]" = i386;
				GCC_C_LANGUAGE_STANDARD = gnu99;
				GCC_NO_COMMON_BLOCKS = YES;
				GCC_PREPROCESSOR_DEFINITIONS = (
					"$(inherited)",
					_LIBCPP_ENABLE_CXX17_REMOVED_UNARY_BINARY_FUNCTION,
				);
				GCC_WARN_64_TO_32_BIT_CONVERSION = YES;
				GCC_WARN_ABOUT_RETURN_TYPE = YES_ERROR;
				GCC_WARN_UNDECLARED_SELECTOR = YES;
				GCC_WARN_UNINITIALIZED_AUTOS = YES_AGGRESSIVE;
				GCC_WARN_UNUSED_FUNCTION = YES;
				GCC_WARN_UNUSED_VARIABLE = YES;
				IPHONEOS_DEPLOYMENT_TARGET = 12.4;
				LD_RUNPATH_SEARCH_PATHS = (
					/usr/lib/swift,
					"$(inherited)",
				);
				LIBRARY_SEARCH_PATHS = (
					"\"$(SDKROOT)/usr/lib/swift\"",
					"\"$(TOOLCHAIN_DIR)/usr/lib/swift/$(PLATFORM_NAME)\"",
					"\"$(inherited)\"",
				);
				MTL_ENABLE_DEBUG_INFO = NO;
				OTHER_CPLUSPLUSFLAGS = (
					"$(OTHER_CFLAGS)",
					"-DFOLLY_NO_CONFIG",
					"-DFOLLY_MOBILE=1",
					"-DFOLLY_USE_LIBCPP=1",
				);
				OTHER_LDFLAGS = (
					"$(inherited)",
					" ",
				);
				REACT_NATIVE_PATH = "${PODS_ROOT}/../../node_modules/react-native";
				SDKROOT = iphoneos;
				VALIDATE_PRODUCT = YES;
			};
			name = Release;
		};
/* End XCBuildConfiguration section */

/* Begin XCConfigurationList section */
		13B07F931A680F5B00A75B9A /* Build configuration list for PBXNativeTarget "Goldenrichacademy" */ = {
			isa = XCConfigurationList;
			buildConfigurations = (
				13B07F941A680F5B00A75B9A /* Debug */,
				13B07F951A680F5B00A75B9A /* Release */,
			);
			defaultConfigurationIsVisible = 0;
			defaultConfigurationName = Release;
		};
		83CBB9FA1A601CBA00E9B192 /* Build configuration list for PBXProject "Goldenrichacademy" */ = {
			isa = XCConfigurationList;
			buildConfigurations = (
				83CBBA201A601CBA00E9B192 /* Debug */,
				83CBBA211A601CBA00E9B192 /* Release */,
			);
			defaultConfigurationIsVisible = 0;
			defaultConfigurationName = Release;
		};
/* End XCConfigurationList section */
	};
	rootObject = 83CBB9F71A601CBA00E9B192 /* Project object */;
}
